// !$*UTF8*$!
{
	archiveVersion = 1;
	classes = {
	};
	objectVersion = 56;
	objects = {

/* Begin PBXBuildFile section */
		2688165E29055E8800BEB9F5 /* Bike_StationApp.swift in Sources */ = {isa = PBXBuildFile; fileRef = 2688165D29055E8800BEB9F5 /* Bike_StationApp.swift */; };
		2688166229055E8900BEB9F5 /* Assets.xcassets in Resources */ = {isa = PBXBuildFile; fileRef = 2688166129055E8900BEB9F5 /* Assets.xcassets */; };
		2688166529055E8900BEB9F5 /* Preview Assets.xcassets in Resources */ = {isa = PBXBuildFile; fileRef = 2688166429055E8900BEB9F5 /* Preview Assets.xcassets */; };
		2688166E2905604300BEB9F5 /* Extention+Codable.swift in Sources */ = {isa = PBXBuildFile; fileRef = 2688166D2905604300BEB9F5 /* Extention+Codable.swift */; };
		268816712905606C00BEB9F5 /* Reachability.swift in Sources */ = {isa = PBXBuildFile; fileRef = 268816702905606C00BEB9F5 /* Reachability.swift */; };
		268816732905607C00BEB9F5 /* HandleError.swift in Sources */ = {isa = PBXBuildFile; fileRef = 268816722905607C00BEB9F5 /* HandleError.swift */; };
		268816772905609500BEB9F5 /* HTTPMethod.swift in Sources */ = {isa = PBXBuildFile; fileRef = 268816762905609500BEB9F5 /* HTTPMethod.swift */; };
		26881679290560AB00BEB9F5 /* EndPoint.swift in Sources */ = {isa = PBXBuildFile; fileRef = 26881678290560AB00BEB9F5 /* EndPoint.swift */; };
		2688167B2905610700BEB9F5 /* IRequest.swift in Sources */ = {isa = PBXBuildFile; fileRef = 2688167A2905610700BEB9F5 /* IRequest.swift */; };
		2688167D2905611400BEB9F5 /* HTTPRequest.swift in Sources */ = {isa = PBXBuildFile; fileRef = 2688167C2905611400BEB9F5 /* HTTPRequest.swift */; };
		268816822905617800BEB9F5 /* StationItemRow.swift in Sources */ = {isa = PBXBuildFile; fileRef = 268816812905617800BEB9F5 /* StationItemRow.swift */; };
		268816842905619000BEB9F5 /* LocationManager.swift in Sources */ = {isa = PBXBuildFile; fileRef = 268816832905619000BEB9F5 /* LocationManager.swift */; };
		268816872905646F00BEB9F5 /* StationListModel.swift in Sources */ = {isa = PBXBuildFile; fileRef = 268816862905646F00BEB9F5 /* StationListModel.swift */; };
		268816892905657600BEB9F5 /* StationListView.swift in Sources */ = {isa = PBXBuildFile; fileRef = 268816882905657600BEB9F5 /* StationListView.swift */; };
		2688168B290565DD00BEB9F5 /* StationListViewModel.swift in Sources */ = {isa = PBXBuildFile; fileRef = 2688168A290565DD00BEB9F5 /* StationListViewModel.swift */; };
/* End PBXBuildFile section */

/* Begin PBXFileReference section */
		2688165A29055E8800BEB9F5 /* Bike Station.app */ = {isa = PBXFileReference; explicitFileType = wrapper.application; includeInIndex = 0; path = "Bike Station.app"; sourceTree = BUILT_PRODUCTS_DIR; };
		2688165D29055E8800BEB9F5 /* Bike_StationApp.swift */ = {isa = PBXFileReference; lastKnownFileType = sourcecode.swift; path = Bike_StationApp.swift; sourceTree = "<group>"; };
		2688166129055E8900BEB9F5 /* Assets.xcassets */ = {isa = PBXFileReference; lastKnownFileType = folder.assetcatalog; path = Assets.xcassets; sourceTree = "<group>"; };
		2688166429055E8900BEB9F5 /* Preview Assets.xcassets */ = {isa = PBXFileReference; lastKnownFileType = folder.assetcatalog; path = "Preview Assets.xcassets"; sourceTree = "<group>"; };
		2688166D2905604300BEB9F5 /* Extention+Codable.swift */ = {isa = PBXFileReference; lastKnownFileType = sourcecode.swift; path = "Extention+Codable.swift"; sourceTree = "<group>"; };
		268816702905606C00BEB9F5 /* Reachability.swift */ = {isa = PBXFileReference; lastKnownFileType = sourcecode.swift; path = Reachability.swift; sourceTree = "<group>"; };
		268816722905607C00BEB9F5 /* HandleError.swift */ = {isa = PBXFileReference; lastKnownFileType = sourcecode.swift; path = HandleError.swift; sourceTree = "<group>"; };
		268816762905609500BEB9F5 /* HTTPMethod.swift */ = {isa = PBXFileReference; lastKnownFileType = sourcecode.swift; path = HTTPMethod.swift; sourceTree = "<group>"; };
		26881678290560AB00BEB9F5 /* EndPoint.swift */ = {isa = PBXFileReference; lastKnownFileType = sourcecode.swift; path = EndPoint.swift; sourceTree = "<group>"; };
		2688167A2905610700BEB9F5 /* IRequest.swift */ = {isa = PBXFileReference; lastKnownFileType = sourcecode.swift; path = IRequest.swift; sourceTree = "<group>"; };
		2688167C2905611400BEB9F5 /* HTTPRequest.swift */ = {isa = PBXFileReference; lastKnownFileType = sourcecode.swift; path = HTTPRequest.swift; sourceTree = "<group>"; };
		268816812905617800BEB9F5 /* StationItemRow.swift */ = {isa = PBXFileReference; lastKnownFileType = sourcecode.swift; path = StationItemRow.swift; sourceTree = "<group>"; };
		268816832905619000BEB9F5 /* LocationManager.swift */ = {isa = PBXFileReference; lastKnownFileType = sourcecode.swift; path = LocationManager.swift; sourceTree = "<group>"; };
		26881685290561A600BEB9F5 /* Bike-Station-Info.plist */ = {isa = PBXFileReference; lastKnownFileType = text.plist; path = "Bike-Station-Info.plist"; sourceTree = SOURCE_ROOT; };
		268816862905646F00BEB9F5 /* StationListModel.swift */ = {isa = PBXFileReference; lastKnownFileType = sourcecode.swift; path = StationListModel.swift; sourceTree = "<group>"; };
		268816882905657600BEB9F5 /* StationListView.swift */ = {isa = PBXFileReference; lastKnownFileType = sourcecode.swift; path = StationListView.swift; sourceTree = "<group>"; };
		2688168A290565DD00BEB9F5 /* StationListViewModel.swift */ = {isa = PBXFileReference; lastKnownFileType = sourcecode.swift; path = StationListViewModel.swift; sourceTree = "<group>"; };
/* End PBXFileReference section */

/* Begin PBXFrameworksBuildPhase section */
		2688165729055E8800BEB9F5 /* Frameworks */ = {
			isa = PBXFrameworksBuildPhase;
			buildActionMask = 2147483647;
			files = (
			);
			runOnlyForDeploymentPostprocessing = 0;
		};
/* End PBXFrameworksBuildPhase section */

/* Begin PBXGroup section */
		2688165129055E8700BEB9F5 = {
			isa = PBXGroup;
			children = (
				2688165C29055E8800BEB9F5 /* Bike Station */,
				2688165B29055E8800BEB9F5 /* Products */,
			);
			sourceTree = "<group>";
		};
		2688165B29055E8800BEB9F5 /* Products */ = {
			isa = PBXGroup;
			children = (
				2688165A29055E8800BEB9F5 /* Bike Station.app */,
			);
			name = Products;
			sourceTree = "<group>";
		};
		2688165C29055E8800BEB9F5 /* Bike Station */ = {
			isa = PBXGroup;
			children = (
				26881685290561A600BEB9F5 /* Bike-Station-Info.plist */,
				2688166B2905600900BEB9F5 /* Core */,
				2688167E2905614000BEB9F5 /* Modules */,
				2688165D29055E8800BEB9F5 /* Bike_StationApp.swift */,
				2688166129055E8900BEB9F5 /* Assets.xcassets */,
				2688166329055E8900BEB9F5 /* Preview Content */,
			);
			path = "Bike Station";
			sourceTree = "<group>";
		};
		2688166329055E8900BEB9F5 /* Preview Content */ = {
			isa = PBXGroup;
			children = (
				2688166429055E8900BEB9F5 /* Preview Assets.xcassets */,
			);
			path = "Preview Content";
			sourceTree = "<group>";
		};
		2688166B2905600900BEB9F5 /* Core */ = {
			isa = PBXGroup;
			children = (
				2688166C2905603300BEB9F5 /* Extensions */,
				2688166F2905605E00BEB9F5 /* Network */,
			);
			path = Core;
			sourceTree = "<group>";
		};
		2688166C2905603300BEB9F5 /* Extensions */ = {
			isa = PBXGroup;
			children = (
				2688166D2905604300BEB9F5 /* Extention+Codable.swift */,
				268816832905619000BEB9F5 /* LocationManager.swift */,
			);
			path = Extensions;
			sourceTree = "<group>";
		};
		2688166F2905605E00BEB9F5 /* Network */ = {
			isa = PBXGroup;
			children = (
				268816702905606C00BEB9F5 /* Reachability.swift */,
				268816722905607C00BEB9F5 /* HandleError.swift */,
				268816762905609500BEB9F5 /* HTTPMethod.swift */,
				26881678290560AB00BEB9F5 /* EndPoint.swift */,
				2688167A2905610700BEB9F5 /* IRequest.swift */,
				2688167C2905611400BEB9F5 /* HTTPRequest.swift */,
			);
			path = Network;
			sourceTree = "<group>";
		};
		2688167E2905614000BEB9F5 /* Modules */ = {
			isa = PBXGroup;
			children = (
				2688167F2905615100BEB9F5 /* Station List */,
			);
			path = Modules;
			sourceTree = "<group>";
		};
		2688167F2905615100BEB9F5 /* Station List */ = {
			isa = PBXGroup;
			children = (
				268816802905616D00BEB9F5 /* Rows */,
				268816862905646F00BEB9F5 /* StationListModel.swift */,
				268816882905657600BEB9F5 /* StationListView.swift */,
				2688168A290565DD00BEB9F5 /* StationListViewModel.swift */,
			);
			path = "Station List";
			sourceTree = "<group>";
		};
		268816802905616D00BEB9F5 /* Rows */ = {
			isa = PBXGroup;
			children = (
				268816812905617800BEB9F5 /* StationItemRow.swift */,
			);
			path = Rows;
			sourceTree = "<group>";
		};
/* End PBXGroup section */

/* Begin PBXNativeTarget section */
		2688165929055E8800BEB9F5 /* Bike Station */ = {
			isa = PBXNativeTarget;
			buildConfigurationList = 2688166829055E8900BEB9F5 /* Build configuration list for PBXNativeTarget "Bike Station" */;
			buildPhases = (
				2688165629055E8800BEB9F5 /* Sources */,
				2688165729055E8800BEB9F5 /* Frameworks */,
				2688165829055E8800BEB9F5 /* Resources */,
			);
			buildRules = (
			);
			dependencies = (
			);
			name = "Bike Station";
			productName = "Bike Station";
			productReference = 2688165A29055E8800BEB9F5 /* Bike Station.app */;
			productType = "com.apple.product-type.application";
		};
/* End PBXNativeTarget section */

/* Begin PBXProject section */
		2688165229055E8700BEB9F5 /* Project object */ = {
			isa = PBXProject;
			attributes = {
				BuildIndependentTargetsInParallel = 1;
				LastSwiftUpdateCheck = 1400;
				LastUpgradeCheck = 1400;
				TargetAttributes = {
					2688165929055E8800BEB9F5 = {
						CreatedOnToolsVersion = 14.0.1;
					};
				};
			};
			buildConfigurationList = 2688165529055E8700BEB9F5 /* Build configuration list for PBXProject "Bike Station" */;
			compatibilityVersion = "Xcode 14.0";
			developmentRegion = en;
			hasScannedForEncodings = 0;
			knownRegions = (
				en,
				Base,
			);
			mainGroup = 2688165129055E8700BEB9F5;
			productRefGroup = 2688165B29055E8800BEB9F5 /* Products */;
			projectDirPath = "";
			projectRoot = "";
			targets = (
				2688165929055E8800BEB9F5 /* Bike Station */,
			);
		};
/* End PBXProject section */

/* Begin PBXResourcesBuildPhase section */
		2688165829055E8800BEB9F5 /* Resources */ = {
			isa = PBXResourcesBuildPhase;
			buildActionMask = 2147483647;
			files = (
				2688166529055E8900BEB9F5 /* Preview Assets.xcassets in Resources */,
				2688166229055E8900BEB9F5 /* Assets.xcassets in Resources */,
			);
			runOnlyForDeploymentPostprocessing = 0;
		};
/* End PBXResourcesBuildPhase section */

/* Begin PBXSourcesBuildPhase section */
		2688165629055E8800BEB9F5 /* Sources */ = {
			isa = PBXSourcesBuildPhase;
			buildActionMask = 2147483647;
			files = (
				2688165E29055E8800BEB9F5 /* Bike_StationApp.swift in Sources */,
				268816892905657600BEB9F5 /* StationListView.swift in Sources */,
				268816872905646F00BEB9F5 /* StationListModel.swift in Sources */,
				268816772905609500BEB9F5 /* HTTPMethod.swift in Sources */,
				268816842905619000BEB9F5 /* LocationManager.swift in Sources */,
				2688168B290565DD00BEB9F5 /* StationListViewModel.swift in Sources */,
				2688167B2905610700BEB9F5 /* IRequest.swift in Sources */,
				268816712905606C00BEB9F5 /* Reachability.swift in Sources */,
				2688166E2905604300BEB9F5 /* Extention+Codable.swift in Sources */,
				268816822905617800BEB9F5 /* StationItemRow.swift in Sources */,
				2688167D2905611400BEB9F5 /* HTTPRequest.swift in Sources */,
				26881679290560AB00BEB9F5 /* EndPoint.swift in Sources */,
				268816732905607C00BEB9F5 /* HandleError.swift in Sources */,
			);
			runOnlyForDeploymentPostprocessing = 0;
		};
/* End PBXSourcesBuildPhase section */

/* Begin XCBuildConfiguration section */
		2688166629055E8900BEB9F5 /* Debug */ = {
			isa = XCBuildConfiguration;
			buildSettings = {
				ALWAYS_SEARCH_USER_PATHS = NO;
				CLANG_ANALYZER_NONNULL = YES;
				CLANG_ANALYZER_NUMBER_OBJECT_CONVERSION = YES_AGGRESSIVE;
				CLANG_CXX_LANGUAGE_STANDARD = "gnu++20";
				CLANG_ENABLE_MODULES = YES;
				CLANG_ENABLE_OBJC_ARC = YES;
				CLANG_ENABLE_OBJC_WEAK = YES;
				CLANG_WARN_BLOCK_CAPTURE_AUTORELEASING = YES;
				CLANG_WARN_BOOL_CONVERSION = YES;
				CLANG_WARN_COMMA = YES;
				CLANG_WARN_CONSTANT_CONVERSION = YES;
				CLANG_WARN_DEPRECATED_OBJC_IMPLEMENTATIONS = YES;
				CLANG_WARN_DIRECT_OBJC_ISA_USAGE = YES_ERROR;
				CLANG_WARN_DOCUMENTATION_COMMENTS = YES;
				CLANG_WARN_EMPTY_BODY = YES;
				CLANG_WARN_ENUM_CONVERSION = YES;
				CLANG_WARN_INFINITE_RECURSION = YES;
				CLANG_WARN_INT_CONVERSION = YES;
				CLANG_WARN_NON_LITERAL_NULL_CONVERSION = YES;
				CLANG_WARN_OBJC_IMPLICIT_RETAIN_SELF = YES;
				CLANG_WARN_OBJC_LITERAL_CONVERSION = YES;
				CLANG_WARN_OBJC_ROOT_CLASS = YES_ERROR;
				CLANG_WARN_QUOTED_INCLUDE_IN_FRAMEWORK_HEADER = YES;
				CLANG_WARN_RANGE_LOOP_ANALYSIS = YES;
				CLANG_WARN_STRICT_PROTOTYPES = YES;
				CLANG_WARN_SUSPICIOUS_MOVE = YES;
				CLANG_WARN_UNGUARDED_AVAILABILITY = YES_AGGRESSIVE;
				CLANG_WARN_UNREACHABLE_CODE = YES;
				CLANG_WARN__DUPLICATE_METHOD_MATCH = YES;
				COPY_PHASE_STRIP = NO;
				DEBUG_INFORMATION_FORMAT = dwarf;
				ENABLE_STRICT_OBJC_MSGSEND = YES;
				ENABLE_TESTABILITY = YES;
				GCC_C_LANGUAGE_STANDARD = gnu11;
				GCC_DYNAMIC_NO_PIC = NO;
				GCC_NO_COMMON_BLOCKS = YES;
				GCC_OPTIMIZATION_LEVEL = 0;
				GCC_PREPROCESSOR_DEFINITIONS = (
					"DEBUG=1",
					"$(inherited)",
				);
				GCC_WARN_64_TO_32_BIT_CONVERSION = YES;
				GCC_WARN_ABOUT_RETURN_TYPE = YES_ERROR;
				GCC_WARN_UNDECLARED_SELECTOR = YES;
				GCC_WARN_UNINITIALIZED_AUTOS = YES_AGGRESSIVE;
				GCC_WARN_UNUSED_FUNCTION = YES;
				GCC_WARN_UNUSED_VARIABLE = YES;
				IPHONEOS_DEPLOYMENT_TARGET = 16.0;
				MTL_ENABLE_DEBUG_INFO = INCLUDE_SOURCE;
				MTL_FAST_MATH = YES;
				ONLY_ACTIVE_ARCH = YES;
				SDKROOT = iphoneos;
				SWIFT_ACTIVE_COMPILATION_CONDITIONS = DEBUG;
				SWIFT_OPTIMIZATION_LEVEL = "-Onone";
			};
			name = Debug;
		};
		2688166729055E8900BEB9F5 /* Release */ = {
			isa = XCBuildConfiguration;
			buildSettings = {
				ALWAYS_SEARCH_USER_PATHS = NO;
				CLANG_ANALYZER_NONNULL = YES;
				CLANG_ANALYZER_NUMBER_OBJECT_CONVERSION = YES_AGGRESSIVE;
				CLANG_CXX_LANGUAGE_STANDARD = "gnu++20";
				CLANG_ENABLE_MODULES = YES;
				CLANG_ENABLE_OBJC_ARC = YES;
				CLANG_ENABLE_OBJC_WEAK = YES;
				CLANG_WARN_BLOCK_CAPTURE_AUTORELEASING = YES;
				CLANG_WARN_BOOL_CONVERSION = YES;
				CLANG_WARN_COMMA = YES;
				CLANG_WARN_CONSTANT_CONVERSION = YES;
				CLANG_WARN_DEPRECATED_OBJC_IMPLEMENTATIONS = YES;
				CLANG_WARN_DIRECT_OBJC_ISA_USAGE = YES_ERROR;
				CLANG_WARN_DOCUMENTATION_COMMENTS = YES;
				CLANG_WARN_EMPTY_BODY = YES;
				CLANG_WARN_ENUM_CONVERSION = YES;
				CLANG_WARN_INFINITE_RECURSION = YES;
				CLANG_WARN_INT_CONVERSION = YES;
				CLANG_WARN_NON_LITERAL_NULL_CONVERSION = YES;
				CLANG_WARN_OBJC_IMPLICIT_RETAIN_SELF = YES;
				CLANG_WARN_OBJC_LITERAL_CONVERSION = YES;
				CLANG_WARN_OBJC_ROOT_CLASS = YES_ERROR;
				CLANG_WARN_QUOTED_INCLUDE_IN_FRAMEWORK_HEADER = YES;
				CLANG_WARN_RANGE_LOOP_ANALYSIS = YES;
				CLANG_WARN_STRICT_PROTOTYPES = YES;
				CLANG_WARN_SUSPICIOUS_MOVE = YES;
				CLANG_WARN_UNGUARDED_AVAILABILITY = YES_AGGRESSIVE;
				CLANG_WARN_UNREACHABLE_CODE = YES;
				CLANG_WARN__DUPLICATE_METHOD_MATCH = YES;
				COPY_PHASE_STRIP = NO;
				DEBUG_INFORMATION_FORMAT = "dwarf-with-dsym";
				ENABLE_NS_ASSERTIONS = NO;
				ENABLE_STRICT_OBJC_MSGSEND = YES;
				GCC_C_LANGUAGE_STANDARD = gnu11;
				GCC_NO_COMMON_BLOCKS = YES;
				GCC_WARN_64_TO_32_BIT_CONVERSION = YES;
				GCC_WARN_ABOUT_RETURN_TYPE = YES_ERROR;
				GCC_WARN_UNDECLARED_SELECTOR = YES;
				GCC_WARN_UNINITIALIZED_AUTOS = YES_AGGRESSIVE;
				GCC_WARN_UNUSED_FUNCTION = YES;
				GCC_WARN_UNUSED_VARIABLE = YES;
				IPHONEOS_DEPLOYMENT_TARGET = 16.0;
				MTL_ENABLE_DEBUG_INFO = NO;
				MTL_FAST_MATH = YES;
				SDKROOT = iphoneos;
				SWIFT_COMPILATION_MODE = wholemodule;
				SWIFT_OPTIMIZATION_LEVEL = "-O";
				VALIDATE_PRODUCT = YES;
			};
			name = Release;
		};
		2688166929055E8900BEB9F5 /* Debug */ = {
			isa = XCBuildConfiguration;
			buildSettings = {
				ASSETCATALOG_COMPILER_APPICON_NAME = AppIcon;
				ASSETCATALOG_COMPILER_GLOBAL_ACCENT_COLOR_NAME = AccentColor;
				CODE_SIGN_STYLE = Automatic;
				CURRENT_PROJECT_VERSION = 1;
				DEVELOPMENT_ASSET_PATHS = "\"Bike Station/Preview Content\"";
				DEVELOPMENT_TEAM = 6MERJ8ZW37;
				ENABLE_PREVIEWS = YES;
				GENERATE_INFOPLIST_FILE = YES;
				INFOPLIST_FILE = "Bike-Station-Info.plist";
				INFOPLIST_KEY_NSLocationWhenInUseUsageDescription = "Bike Station want to access your location.";
				INFOPLIST_KEY_UIApplicationSceneManifest_Generation = YES;
				INFOPLIST_KEY_UIApplicationSupportsIndirectInputEvents = YES;
				INFOPLIST_KEY_UILaunchScreen_Generation = YES;
				INFOPLIST_KEY_UISupportedInterfaceOrientations_iPad = "UIInterfaceOrientationPortrait UIInterfaceOrientationPortraitUpsideDown UIInterfaceOrientationLandscapeLeft UIInterfaceOrientationLandscapeRight";
				INFOPLIST_KEY_UISupportedInterfaceOrientations_iPhone = "UIInterfaceOrientationPortrait UIInterfaceOrientationLandscapeLeft UIInterfaceOrientationLandscapeRight";
				LD_RUNPATH_SEARCH_PATHS = (
					"$(inherited)",
					"@executable_path/Frameworks",
				);
				MARKETING_VERSION = 1.0;
				PRODUCT_BUNDLE_IDENTIFIER = "com.Bike-Station";
				PRODUCT_NAME = "$(TARGET_NAME)";
				SWIFT_EMIT_LOC_STRINGS = YES;
				SWIFT_VERSION = 5.0;
				TARGETED_DEVICE_FAMILY = "1,2";
			};
			name = Debug;
		};
		2688166A29055E8900BEB9F5 /* Release */ = {
			isa = XCBuildConfiguration;
			buildSettings = {
				ASSETCATALOG_COMPILER_APPICON_NAME = AppIcon;
				ASSETCATALOG_COMPILER_GLOBAL_ACCENT_COLOR_NAME = AccentColor;
				CODE_SIGN_STYLE = Automatic;
				CURRENT_PROJECT_VERSION = 1;
				DEVELOPMENT_ASSET_PATHS = "\"Bike Station/Preview Content\"";
				DEVELOPMENT_TEAM = 6MERJ8ZW37;
				ENABLE_PREVIEWS = YES;
				GENERATE_INFOPLIST_FILE = YES;
				INFOPLIST_FILE = "Bike-Station-Info.plist";
				INFOPLIST_KEY_NSLocationWhenInUseUsageDescription = "Bike Station want to access your location.";
				INFOPLIST_KEY_UIApplicationSceneManifest_Generation = YES;
				INFOPLIST_KEY_UIApplicationSupportsIndirectInputEvents = YES;
				INFOPLIST_KEY_UILaunchScreen_Generation = YES;
				INFOPLIST_KEY_UISupportedInterfaceOrientations_iPad = "UIInterfaceOrientationPortrait UIInterfaceOrientationPortraitUpsideDown UIInterfaceOrientationLandscapeLeft UIInterfaceOrientationLandscapeRight";
				INFOPLIST_KEY_UISupportedInterfaceOrientations_iPhone = "UIInterfaceOrientationPortrait UIInterfaceOrientationLandscapeLeft UIInterfaceOrientationLandscapeRight";
				LD_RUNPATH_SEARCH_PATHS = (
					"$(inherited)",
					"@executable_path/Frameworks",
				);
				MARKETING_VERSION = 1.0;
				PRODUCT_BUNDLE_IDENTIFIER = "com.Bike-Station";
				PRODUCT_NAME = "$(TARGET_NAME)";
				SWIFT_EMIT_LOC_STRINGS = YES;
				SWIFT_VERSION = 5.0;
				TARGETED_DEVICE_FAMILY = "1,2";
			};
			name = Release;
		};
/* End XCBuildConfiguration section */

/* Begin XCConfigurationList section */
		2688165529055E8700BEB9F5 /* Build configuration list for PBXProject "Bike Station" */ = {
			isa = XCConfigurationList;
			buildConfigurations = (
				2688166629055E8900BEB9F5 /* Debug */,
				2688166729055E8900BEB9F5 /* Release */,
			);
			defaultConfigurationIsVisible = 0;
			defaultConfigurationName = Release;
		};
		2688166829055E8900BEB9F5 /* Build configuration list for PBXNativeTarget "Bike Station" */ = {
			isa = XCConfigurationList;
			buildConfigurations = (
				2688166929055E8900BEB9F5 /* Debug */,
				2688166A29055E8900BEB9F5 /* Release */,
			);
			defaultConfigurationIsVisible = 0;
			defaultConfigurationName = Release;
		};
/* End XCConfigurationList section */
	};
	rootObject = 2688165229055E8700BEB9F5 /* Project object */;
}
